
Microsoft Visual Studio Solution File, Format Version 12.00
# Visual Studio Version 16
VisualStudioVersion = 16.0.31129.286
MinimumVisualStudioVersion = 10.0.40219.1
Project("{FAE04EC0-301F-11D3-BF4B-00C04F79EFBC}") = "Rocket_Elevators_Customer_Portal", "Rocket_Elevators_Customer_Portal.csproj", "{56BEEB40-AAA5-40F3-B626-03F25DCFD2D4}"
EndProject
Global
	GlobalSection(SolutionConfigurationPlatforms) = preSolution
		Debug|Any CPU = Debug|Any CPU
		Release|Any CPU = Release|Any CPU
	EndGlobalSection
	GlobalSection(ProjectConfigurationPlatforms) = postSolution
		{56BEEB40-AAA5-40F3-B626-03F25DCFD2D4}.Debug|Any CPU.ActiveCfg = Debug|Any CPU
		{56BEEB40-AAA5-40F3-B626-03F25DCFD2D4}.Debug|Any CPU.Build.0 = Debug|Any CPU
		{56BEEB40-AAA5-40F3-B626-03F25DCFD2D4}.Release|Any CPU.ActiveCfg = Release|Any CPU
		{56BEEB40-AAA5-40F3-B626-03F25DCFD2D4}.Release|Any CPU.Build.0 = Release|Any CPU
	EndGlobalSection
	GlobalSection(SolutionProperties) = preSolution
		HideSolutionNode = FALSE
	EndGlobalSection
	GlobalSection(ExtensibilityGlobals) = postSolution
		SolutionGuid = {CB7009A4-971A-4400-A291-B7D4F45D53F7}
	EndGlobalSection
EndGlobal
